// !$*UTF8*$!
{
	archiveVersion = 1;
	classes = {
	};
	objectVersion = 56;
	objects = {

/* Begin PBXBuildFile section */
		3D8009F52C7F26A700015444 /* OI_PortfolioApp.swift in Sources */ = {isa = PBXBuildFile; fileRef = 3D8009F42C7F26A700015444 /* OI_PortfolioApp.swift */; };
		3D8009F72C7F26A700015444 /* ContentView.swift in Sources */ = {isa = PBXBuildFile; fileRef = 3D8009F62C7F26A700015444 /* ContentView.swift */; };
		3D8009F92C7F26AC00015444 /* Assets.xcassets in Resources */ = {isa = PBXBuildFile; fileRef = 3D8009F82C7F26AC00015444 /* Assets.xcassets */; };
		3D8009FC2C7F26AC00015444 /* Preview Assets.xcassets in Resources */ = {isa = PBXBuildFile; fileRef = 3D8009FB2C7F26AC00015444 /* Preview Assets.xcassets */; };
		3D800A062C7F26AC00015444 /* OI_PortfolioTests.swift in Sources */ = {isa = PBXBuildFile; fileRef = 3D800A052C7F26AC00015444 /* OI_PortfolioTests.swift */; };
		3D800A102C7F26AD00015444 /* OI_PortfolioUITests.swift in Sources */ = {isa = PBXBuildFile; fileRef = 3D800A0F2C7F26AD00015444 /* OI_PortfolioUITests.swift */; };
		3D800A122C7F26AD00015444 /* OI_PortfolioUITestsLaunchTests.swift in Sources */ = {isa = PBXBuildFile; fileRef = 3D800A112C7F26AD00015444 /* OI_PortfolioUITestsLaunchTests.swift */; };
/* End PBXBuildFile section */

/* Begin PBXContainerItemProxy section */
		3D800A022C7F26AC00015444 /* PBXContainerItemProxy */ = {
			isa = PBXContainerItemProxy;
			containerPortal = 3D8009E92C7F26A700015444 /* Project object */;
			proxyType = 1;
			remoteGlobalIDString = 3D8009F02C7F26A700015444;
			remoteInfo = OI_Portfolio;
		};
		3D800A0C2C7F26AD00015444 /* PBXContainerItemProxy */ = {
			isa = PBXContainerItemProxy;
			containerPortal = 3D8009E92C7F26A700015444 /* Project object */;
			proxyType = 1;
			remoteGlobalIDString = 3D8009F02C7F26A700015444;
			remoteInfo = OI_Portfolio;
		};
/* End PBXContainerItemProxy section */

/* Begin PBXFileReference section */
		3D8009F12C7F26A700015444 /* OI_Portfolio.app */ = {isa = PBXFileReference; explicitFileType = wrapper.application; includeInIndex = 0; path = OI_Portfolio.app; sourceTree = BUILT_PRODUCTS_DIR; };
		3D8009F42C7F26A700015444 /* OI_PortfolioApp.swift */ = {isa = PBXFileReference; lastKnownFileType = sourcecode.swift; path = OI_PortfolioApp.swift; sourceTree = "<group>"; };
		3D8009F62C7F26A700015444 /* ContentView.swift */ = {isa = PBXFileReference; lastKnownFileType = sourcecode.swift; path = ContentView.swift; sourceTree = "<group>"; };
		3D8009F82C7F26AC00015444 /* Assets.xcassets */ = {isa = PBXFileReference; lastKnownFileType = folder.assetcatalog; path = Assets.xcassets; sourceTree = "<group>"; };
		3D8009FB2C7F26AC00015444 /* Preview Assets.xcassets */ = {isa = PBXFileReference; lastKnownFileType = folder.assetcatalog; path = "Preview Assets.xcassets"; sourceTree = "<group>"; };
		3D800A012C7F26AC00015444 /* OI_PortfolioTests.xctest */ = {isa = PBXFileReference; explicitFileType = wrapper.cfbundle; includeInIndex = 0; path = OI_PortfolioTests.xctest; sourceTree = BUILT_PRODUCTS_DIR; };
		3D800A052C7F26AC00015444 /* OI_PortfolioTests.swift */ = {isa = PBXFileReference; lastKnownFileType = sourcecode.swift; path = OI_PortfolioTests.swift; sourceTree = "<group>"; };
		3D800A0B2C7F26AD00015444 /* OI_PortfolioUITests.xctest */ = {isa = PBXFileReference; explicitFileType = wrapper.cfbundle; includeInIndex = 0; path = OI_PortfolioUITests.xctest; sourceTree = BUILT_PRODUCTS_DIR; };
		3D800A0F2C7F26AD00015444 /* OI_PortfolioUITests.swift */ = {isa = PBXFileReference; lastKnownFileType = sourcecode.swift; path = OI_PortfolioUITests.swift; sourceTree = "<group>"; };
		3D800A112C7F26AD00015444 /* OI_PortfolioUITestsLaunchTests.swift */ = {isa = PBXFileReference; lastKnownFileType = sourcecode.swift; path = OI_PortfolioUITestsLaunchTests.swift; sourceTree = "<group>"; };
/* End PBXFileReference section */

/* Begin PBXFrameworksBuildPhase section */
		3D8009EE2C7F26A700015444 /* Frameworks */ = {
			isa = PBXFrameworksBuildPhase;
			buildActionMask = 2147483647;
			files = (
			);
			runOnlyForDeploymentPostprocessing = 0;
		};
		3D8009FE2C7F26AC00015444 /* Frameworks */ = {
			isa = PBXFrameworksBuildPhase;
			buildActionMask = 2147483647;
			files = (
			);
			runOnlyForDeploymentPostprocessing = 0;
		};
		3D800A082C7F26AD00015444 /* Frameworks */ = {
			isa = PBXFrameworksBuildPhase;
			buildActionMask = 2147483647;
			files = (
			);
			runOnlyForDeploymentPostprocessing = 0;
		};
/* End PBXFrameworksBuildPhase section */

/* Begin PBXGroup section */
		3D8009E82C7F26A700015444 = {
			isa = PBXGroup;
			children = (
				3D8009F32C7F26A700015444 /* OI_Portfolio */,
				3D800A042C7F26AC00015444 /* OI_PortfolioTests */,
				3D800A0E2C7F26AD00015444 /* OI_PortfolioUITests */,
				3D8009F22C7F26A700015444 /* Products */,
			);
			sourceTree = "<group>";
		};
		3D8009F22C7F26A700015444 /* Products */ = {
			isa = PBXGroup;
			children = (
				3D8009F12C7F26A700015444 /* OI_Portfolio.app */,
				3D800A012C7F26AC00015444 /* OI_PortfolioTests.xctest */,
				3D800A0B2C7F26AD00015444 /* OI_PortfolioUITests.xctest */,
			);
			name = Products;
			sourceTree = "<group>";
		};
		3D8009F32C7F26A700015444 /* OI_Portfolio */ = {
			isa = PBXGroup;
			children = (
				3D8009F42C7F26A700015444 /* OI_PortfolioApp.swift */,
				3D8009F62C7F26A700015444 /* ContentView.swift */,
				3D8009F82C7F26AC00015444 /* Assets.xcassets */,
				3D8009FA2C7F26AC00015444 /* Preview Content */,
			);
			path = OI_Portfolio;
			sourceTree = "<group>";
		};
		3D8009FA2C7F26AC00015444 /* Preview Content */ = {
			isa = PBXGroup;
			children = (
				3D8009FB2C7F26AC00015444 /* Preview Assets.xcassets */,
			);
			path = "Preview Content";
			sourceTree = "<group>";
		};
		3D800A042C7F26AC00015444 /* OI_PortfolioTests */ = {
			isa = PBXGroup;
			children = (
				3D800A052C7F26AC00015444 /* OI_PortfolioTests.swift */,
			);
			path = OI_PortfolioTests;
			sourceTree = "<group>";
		};
		3D800A0E2C7F26AD00015444 /* OI_PortfolioUITests */ = {
			isa = PBXGroup;
			children = (
				3D800A0F2C7F26AD00015444 /* OI_PortfolioUITests.swift */,
				3D800A112C7F26AD00015444 /* OI_PortfolioUITestsLaunchTests.swift */,
			);
			path = OI_PortfolioUITests;
			sourceTree = "<group>";
		};
/* End PBXGroup section */

/* Begin PBXNativeTarget section */
		3D8009F02C7F26A700015444 /* OI_Portfolio */ = {
			isa = PBXNativeTarget;
			buildConfigurationList = 3D800A152C7F26AD00015444 /* Build configuration list for PBXNativeTarget "OI_Portfolio" */;
			buildPhases = (
				3D8009ED2C7F26A700015444 /* Sources */,
				3D8009EE2C7F26A700015444 /* Frameworks */,
				3D8009EF2C7F26A700015444 /* Resources */,
			);
			buildRules = (
			);
			dependencies = (
			);
			name = OI_Portfolio;
			productName = OI_Portfolio;
			productReference = 3D8009F12C7F26A700015444 /* OI_Portfolio.app */;
			productType = "com.apple.product-type.application";
		};
		3D800A002C7F26AC00015444 /* OI_PortfolioTests */ = {
			isa = PBXNativeTarget;
			buildConfigurationList = 3D800A182C7F26AD00015444 /* Build configuration list for PBXNativeTarget "OI_PortfolioTests" */;
			buildPhases = (
				3D8009FD2C7F26AC00015444 /* Sources */,
				3D8009FE2C7F26AC00015444 /* Frameworks */,
				3D8009FF2C7F26AC00015444 /* Resources */,
			);
			buildRules = (
			);
			dependencies = (
				3D800A032C7F26AC00015444 /* PBXTargetDependency */,
			);
			name = OI_PortfolioTests;
			productName = OI_PortfolioTests;
			productReference = 3D800A012C7F26AC00015444 /* OI_PortfolioTests.xctest */;
			productType = "com.apple.product-type.bundle.unit-test";
		};
		3D800A0A2C7F26AD00015444 /* OI_PortfolioUITests */ = {
			isa = PBXNativeTarget;
			buildConfigurationList = 3D800A1B2C7F26AD00015444 /* Build configuration list for PBXNativeTarget "OI_PortfolioUITests" */;
			buildPhases = (
				3D800A072C7F26AD00015444 /* Sources */,
				3D800A082C7F26AD00015444 /* Frameworks */,
				3D800A092C7F26AD00015444 /* Resources */,
			);
			buildRules = (
			);
			dependencies = (
				3D800A0D2C7F26AD00015444 /* PBXTargetDependency */,
			);
			name = OI_PortfolioUITests;
			productName = OI_PortfolioUITests;
			productReference = 3D800A0B2C7F26AD00015444 /* OI_PortfolioUITests.xctest */;
			productType = "com.apple.product-type.bundle.ui-testing";
		};
/* End PBXNativeTarget section */

/* Begin PBXProject section */
		3D8009E92C7F26A700015444 /* Project object */ = {
			isa = PBXProject;
			attributes = {
				BuildIndependentTargetsInParallel = 1;
				LastSwiftUpdateCheck = 1540;
				LastUpgradeCheck = 1540;
				TargetAttributes = {
					3D8009F02C7F26A700015444 = {
						CreatedOnToolsVersion = 15.4;
					};
					3D800A002C7F26AC00015444 = {
						CreatedOnToolsVersion = 15.4;
						TestTargetID = 3D8009F02C7F26A700015444;
					};
					3D800A0A2C7F26AD00015444 = {
						CreatedOnToolsVersion = 15.4;
						TestTargetID = 3D8009F02C7F26A700015444;
					};
				};
			};
			buildConfigurationList = 3D8009EC2C7F26A700015444 /* Build configuration list for PBXProject "OI_Portfolio" */;
			compatibilityVersion = "Xcode 14.0";
			developmentRegion = en;
			hasScannedForEncodings = 0;
			knownRegions = (
				en,
				Base,
			);
			mainGroup = 3D8009E82C7F26A700015444;
			productRefGroup = 3D8009F22C7F26A700015444 /* Products */;
			projectDirPath = "";
			projectRoot = "";
			targets = (
				3D8009F02C7F26A700015444 /* OI_Portfolio */,
				3D800A002C7F26AC00015444 /* OI_PortfolioTests */,
				3D800A0A2C7F26AD00015444 /* OI_PortfolioUITests */,
			);
		};
/* End PBXProject section */

/* Begin PBXResourcesBuildPhase section */
		3D8009EF2C7F26A700015444 /* Resources */ = {
			isa = PBXResourcesBuildPhase;
			buildActionMask = 2147483647;
			files = (
				3D8009FC2C7F26AC00015444 /* Preview Assets.xcassets in Resources */,
				3D8009F92C7F26AC00015444 /* Assets.xcassets in Resources */,
			);
			runOnlyForDeploymentPostprocessing = 0;
		};
		3D8009FF2C7F26AC00015444 /* Resources */ = {
			isa = PBXResourcesBuildPhase;
			buildActionMask = 2147483647;
			files = (
			);
			runOnlyForDeploymentPostprocessing = 0;
		};
		3D800A092C7F26AD00015444 /* Resources */ = {
			isa = PBXResourcesBuildPhase;
			buildActionMask = 2147483647;
			files = (
			);
			runOnlyForDeploymentPostprocessing = 0;
		};
/* End PBXResourcesBuildPhase section */

/* Begin PBXSourcesBuildPhase section */
		3D8009ED2C7F26A700015444 /* Sources */ = {
			isa = PBXSourcesBuildPhase;
			buildActionMask = 2147483647;
			files = (
				3D8009F72C7F26A700015444 /* ContentView.swift in Sources */,
				3D8009F52C7F26A700015444 /* OI_PortfolioApp.swift in Sources */,
			);
			runOnlyForDeploymentPostprocessing = 0;
		};
		3D8009FD2C7F26AC00015444 /* Sources */ = {
			isa = PBXSourcesBuildPhase;
			buildActionMask = 2147483647;
			files = (
				3D800A062C7F26AC00015444 /* OI_PortfolioTests.swift in Sources */,
			);
			runOnlyForDeploymentPostprocessing = 0;
		};
		3D800A072C7F26AD00015444 /* Sources */ = {
			isa = PBXSourcesBuildPhase;
			buildActionMask = 2147483647;
			files = (
				3D800A102C7F26AD00015444 /* OI_PortfolioUITests.swift in Sources */,
				3D800A122C7F26AD00015444 /* OI_PortfolioUITestsLaunchTests.swift in Sources */,
			);
			runOnlyForDeploymentPostprocessing = 0;
		};
/* End PBXSourcesBuildPhase section */

/* Begin PBXTargetDependency section */
		3D800A032C7F26AC00015444 /* PBXTargetDependency */ = {
			isa = PBXTargetDependency;
			target = 3D8009F02C7F26A700015444 /* OI_Portfolio */;
			targetProxy = 3D800A022C7F26AC00015444 /* PBXContainerItemProxy */;
		};
		3D800A0D2C7F26AD00015444 /* PBXTargetDependency */ = {
			isa = PBXTargetDependency;
			target = 3D8009F02C7F26A700015444 /* OI_Portfolio */;
			targetProxy = 3D800A0C2C7F26AD00015444 /* PBXContainerItemProxy */;
		};
/* End PBXTargetDependency section */

/* Begin XCBuildConfiguration section */
		3D800A132C7F26AD00015444 /* Debug */ = {
			isa = XCBuildConfiguration;
			buildSettings = {
				ALWAYS_SEARCH_USER_PATHS = NO;
				ASSETCATALOG_COMPILER_GENERATE_SWIFT_ASSET_SYMBOL_EXTENSIONS = YES;
				CLANG_ANALYZER_NONNULL = YES;
				CLANG_ANALYZER_NUMBER_OBJECT_CONVERSION = YES_AGGRESSIVE;
				CLANG_CXX_LANGUAGE_STANDARD = "gnu++20";
				CLANG_ENABLE_MODULES = YES;
				CLANG_ENABLE_OBJC_ARC = YES;
				CLANG_ENABLE_OBJC_WEAK = YES;
				CLANG_WARN_BLOCK_CAPTURE_AUTORELEASING = YES;
				CLANG_WARN_BOOL_CONVERSION = YES;
				CLANG_WARN_COMMA = YES;
				CLANG_WARN_CONSTANT_CONVERSION = YES;
				CLANG_WARN_DEPRECATED_OBJC_IMPLEMENTATIONS = YES;
				CLANG_WARN_DIRECT_OBJC_ISA_USAGE = YES_ERROR;
				CLANG_WARN_DOCUMENTATION_COMMENTS = YES;
				CLANG_WARN_EMPTY_BODY = YES;
				CLANG_WARN_ENUM_CONVERSION = YES;
				CLANG_WARN_INFINITE_RECURSION = YES;
				CLANG_WARN_INT_CONVERSION = YES;
				CLANG_WARN_NON_LITERAL_NULL_CONVERSION = YES;
				CLANG_WARN_OBJC_IMPLICIT_RETAIN_SELF = YES;
				CLANG_WARN_OBJC_LITERAL_CONVERSION = YES;
				CLANG_WARN_OBJC_ROOT_CLASS = YES_ERROR;
				CLANG_WARN_QUOTED_INCLUDE_IN_FRAMEWORK_HEADER = YES;
				CLANG_WARN_RANGE_LOOP_ANALYSIS = YES;
				CLANG_WARN_STRICT_PROTOTYPES = YES;
				CLANG_WARN_SUSPICIOUS_MOVE = YES;
				CLANG_WARN_UNGUARDED_AVAILABILITY = YES_AGGRESSIVE;
				CLANG_WARN_UNREACHABLE_CODE = YES;
				CLANG_WARN__DUPLICATE_METHOD_MATCH = YES;
				COPY_PHASE_STRIP = NO;
				DEBUG_INFORMATION_FORMAT = dwarf;
				ENABLE_STRICT_OBJC_MSGSEND = YES;
				ENABLE_TESTABILITY = YES;
				ENABLE_USER_SCRIPT_SANDBOXING = YES;
				GCC_C_LANGUAGE_STANDARD = gnu17;
				GCC_DYNAMIC_NO_PIC = NO;
				GCC_NO_COMMON_BLOCKS = YES;
				GCC_OPTIMIZATION_LEVEL = 0;
				GCC_PREPROCESSOR_DEFINITIONS = (
					"DEBUG=1",
					"$(inherited)",
				);
				GCC_WARN_64_TO_32_BIT_CONVERSION = YES;
				GCC_WARN_ABOUT_RETURN_TYPE = YES_ERROR;
				GCC_WARN_UNDECLARED_SELECTOR = YES;
				GCC_WARN_UNINITIALIZED_AUTOS = YES_AGGRESSIVE;
				GCC_WARN_UNUSED_FUNCTION = YES;
				GCC_WARN_UNUSED_VARIABLE = YES;
				IPHONEOS_DEPLOYMENT_TARGET = 17.5;
				LOCALIZATION_PREFERS_STRING_CATALOGS = YES;
				MTL_ENABLE_DEBUG_INFO = INCLUDE_SOURCE;
				MTL_FAST_MATH = YES;
				ONLY_ACTIVE_ARCH = YES;
				SDKROOT = iphoneos;
				SWIFT_ACTIVE_COMPILATION_CONDITIONS = "DEBUG $(inherited)";
				SWIFT_OPTIMIZATION_LEVEL = "-Onone";
			};
			name = Debug;
		};
		3D800A142C7F26AD00015444 /* Release */ = {
			isa = XCBuildConfiguration;
			buildSettings = {
				ALWAYS_SEARCH_USER_PATHS = NO;
				ASSETCATALOG_COMPILER_GENERATE_SWIFT_ASSET_SYMBOL_EXTENSIONS = YES;
				CLANG_ANALYZER_NONNULL = YES;
				CLANG_ANALYZER_NUMBER_OBJECT_CONVERSION = YES_AGGRESSIVE;
				CLANG_CXX_LANGUAGE_STANDARD = "gnu++20";
				CLANG_ENABLE_MODULES = YES;
				CLANG_ENABLE_OBJC_ARC = YES;
				CLANG_ENABLE_OBJC_WEAK = YES;
				CLANG_WARN_BLOCK_CAPTURE_AUTORELEASING = YES;
				CLANG_WARN_BOOL_CONVERSION = YES;
				CLANG_WARN_COMMA = YES;
				CLANG_WARN_CONSTANT_CONVERSION = YES;
				CLANG_WARN_DEPRECATED_OBJC_IMPLEMENTATIONS = YES;
				CLANG_WARN_DIRECT_OBJC_ISA_USAGE = YES_ERROR;
				CLANG_WARN_DOCUMENTATION_COMMENTS = YES;
				CLANG_WARN_EMPTY_BODY = YES;
				CLANG_WARN_ENUM_CONVERSION = YES;
				CLANG_WARN_INFINITE_RECURSION = YES;
				CLANG_WARN_INT_CONVERSION = YES;
				CLANG_WARN_NON_LITERAL_NULL_CONVERSION = YES;
				CLANG_WARN_OBJC_IMPLICIT_RETAIN_SELF = YES;
				CLANG_WARN_OBJC_LITERAL_CONVERSION = YES;
				CLANG_WARN_OBJC_ROOT_CLASS = YES_ERROR;
				CLANG_WARN_QUOTED_INCLUDE_IN_FRAMEWORK_HEADER = YES;
				CLANG_WARN_RANGE_LOOP_ANALYSIS = YES;
				CLANG_WARN_STRICT_PROTOTYPES = YES;
				CLANG_WARN_SUSPICIOUS_MOVE = YES;
				CLANG_WARN_UNGUARDED_AVAILABILITY = YES_AGGRESSIVE;
				CLANG_WARN_UNREACHABLE_CODE = YES;
				CLANG_WARN__DUPLICATE_METHOD_MATCH = YES;
				COPY_PHASE_STRIP = NO;
				DEBUG_INFORMATION_FORMAT = "dwarf-with-dsym";
				ENABLE_NS_ASSERTIONS = NO;
				ENABLE_STRICT_OBJC_MSGSEND = YES;
				ENABLE_USER_SCRIPT_SANDBOXING = YES;
				GCC_C_LANGUAGE_STANDARD = gnu17;
				GCC_NO_COMMON_BLOCKS = YES;
				GCC_WARN_64_TO_32_BIT_CONVERSION = YES;
				GCC_WARN_ABOUT_RETURN_TYPE = YES_ERROR;
				GCC_WARN_UNDECLARED_SELECTOR = YES;
				GCC_WARN_UNINITIALIZED_AUTOS = YES_AGGRESSIVE;
				GCC_WARN_UNUSED_FUNCTION = YES;
				GCC_WARN_UNUSED_VARIABLE = YES;
				IPHONEOS_DEPLOYMENT_TARGET = 17.5;
				LOCALIZATION_PREFERS_STRING_CATALOGS = YES;
				MTL_ENABLE_DEBUG_INFO = NO;
				MTL_FAST_MATH = YES;
				SDKROOT = iphoneos;
				SWIFT_COMPILATION_MODE = wholemodule;
				VALIDATE_PRODUCT = YES;
			};
			name = Release;
		};
		3D800A162C7F26AD00015444 /* Debug */ = {
			isa = XCBuildConfiguration;
			buildSettings = {
				ASSETCATALOG_COMPILER_APPICON_NAME = AppIcon;
				ASSETCATALOG_COMPILER_GLOBAL_ACCENT_COLOR_NAME = AccentColor;
				CODE_SIGN_STYLE = Automatic;
				CURRENT_PROJECT_VERSION = 1;
				DEVELOPMENT_ASSET_PATHS = "\"OI_Portfolio/Preview Content\"";
				DEVELOPMENT_TEAM = P785DR7B45;
				ENABLE_PREVIEWS = YES;
				GENERATE_INFOPLIST_FILE = YES;
				INFOPLIST_KEY_UIApplicationSceneManifest_Generation = YES;
				INFOPLIST_KEY_UIApplicationSupportsIndirectInputEvents = YES;
				INFOPLIST_KEY_UILaunchScreen_Generation = YES;
				INFOPLIST_KEY_UISupportedInterfaceOrientations_iPad = "UIInterfaceOrientationPortrait UIInterfaceOrientationPortraitUpsideDown UIInterfaceOrientationLandscapeLeft UIInterfaceOrientationLandscapeRight";
				INFOPLIST_KEY_UISupportedInterfaceOrientations_iPhone = "UIInterfaceOrientationPortrait UIInterfaceOrientationLandscapeLeft UIInterfaceOrientationLandscapeRight";
				LD_RUNPATH_SEARCH_PATHS = (
					"$(inherited)",
					"@executable_path/Frameworks",
				);
				MARKETING_VERSION = 1.0;
				PRODUCT_BUNDLE_IDENTIFIER = "oi.portfolio.OI-Portfolio";
				PRODUCT_NAME = "$(TARGET_NAME)";
				SWIFT_EMIT_LOC_STRINGS = YES;
				SWIFT_VERSION = 5.0;
				TARGETED_DEVICE_FAMILY = "1,2";
			};
			name = Debug;
		};
		3D800A172C7F26AD00015444 /* Release */ = {
			isa = XCBuildConfiguration;
			buildSettings = {
				ASSETCATALOG_COMPILER_APPICON_NAME = AppIcon;
				ASSETCATALOG_COMPILER_GLOBAL_ACCENT_COLOR_NAME = AccentColor;
				CODE_SIGN_STYLE = Automatic;
				CURRENT_PROJECT_VERSION = 1;
				DEVELOPMENT_ASSET_PATHS = "\"OI_Portfolio/Preview Content\"";
				DEVELOPMENT_TEAM = P785DR7B45;
				ENABLE_PREVIEWS = YES;
				GENERATE_INFOPLIST_FILE = YES;
				INFOPLIST_KEY_UIApplicationSceneManifest_Generation = YES;
				INFOPLIST_KEY_UIApplicationSupportsIndirectInputEvents = YES;
				INFOPLIST_KEY_UILaunchScreen_Generation = YES;
				INFOPLIST_KEY_UISupportedInterfaceOrientations_iPad = "UIInterfaceOrientationPortrait UIInterfaceOrientationPortraitUpsideDown UIInterfaceOrientationLandscapeLeft UIInterfaceOrientationLandscapeRight";
				INFOPLIST_KEY_UISupportedInterfaceOrientations_iPhone = "UIInterfaceOrientationPortrait UIInterfaceOrientationLandscapeLeft UIInterfaceOrientationLandscapeRight";
				LD_RUNPATH_SEARCH_PATHS = (
					"$(inherited)",
					"@executable_path/Frameworks",
				);
				MARKETING_VERSION = 1.0;
				PRODUCT_BUNDLE_IDENTIFIER = "oi.portfolio.OI-Portfolio";
				PRODUCT_NAME = "$(TARGET_NAME)";
				SWIFT_EMIT_LOC_STRINGS = YES;
				SWIFT_VERSION = 5.0;
				TARGETED_DEVICE_FAMILY = "1,2";
			};
			name = Release;
		};
		3D800A192C7F26AD00015444 /* Debug */ = {
			isa = XCBuildConfiguration;
			buildSettings = {
				ALWAYS_EMBED_SWIFT_STANDARD_LIBRARIES = YES;
				BUNDLE_LOADER = "$(TEST_HOST)";
				CODE_SIGN_STYLE = Automatic;
				CURRENT_PROJECT_VERSION = 1;
				DEVELOPMENT_TEAM = P785DR7B45;
				GENERATE_INFOPLIST_FILE = YES;
				IPHONEOS_DEPLOYMENT_TARGET = 17.5;
				MARKETING_VERSION = 1.0;
				PRODUCT_BUNDLE_IDENTIFIER = "oi.portfolio.OI-PortfolioTests";
				PRODUCT_NAME = "$(TARGET_NAME)";
				SWIFT_EMIT_LOC_STRINGS = NO;
				SWIFT_VERSION = 5.0;
				TARGETED_DEVICE_FAMILY = "1,2";
				TEST_HOST = "$(BUILT_PRODUCTS_DIR)/OI_Portfolio.app/$(BUNDLE_EXECUTABLE_FOLDER_PATH)/OI_Portfolio";
			};
			name = Debug;
		};
		3D800A1A2C7F26AD00015444 /* Release */ = {
			isa = XCBuildConfiguration;
			buildSettings = {
				ALWAYS_EMBED_SWIFT_STANDARD_LIBRARIES = YES;
				BUNDLE_LOADER = "$(TEST_HOST)";
				CODE_SIGN_STYLE = Automatic;
				CURRENT_PROJECT_VERSION = 1;
				DEVELOPMENT_TEAM = P785DR7B45;
				GENERATE_INFOPLIST_FILE = YES;
				IPHONEOS_DEPLOYMENT_TARGET = 17.5;
				MARKETING_VERSION = 1.0;
				PRODUCT_BUNDLE_IDENTIFIER = "oi.portfolio.OI-PortfolioTests";
				PRODUCT_NAME = "$(TARGET_NAME)";
				SWIFT_EMIT_LOC_STRINGS = NO;
				SWIFT_VERSION = 5.0;
				TARGETED_DEVICE_FAMILY = "1,2";
				TEST_HOST = "$(BUILT_PRODUCTS_DIR)/OI_Portfolio.app/$(BUNDLE_EXECUTABLE_FOLDER_PATH)/OI_Portfolio";
			};
			name = Release;
		};
		3D800A1C2C7F26AD00015444 /* Debug */ = {
			isa = XCBuildConfiguration;
			buildSettings = {
				ALWAYS_EMBED_SWIFT_STANDARD_LIBRARIES = YES;
				CODE_SIGN_STYLE = Automatic;
				CURRENT_PROJECT_VERSION = 1;
				DEVELOPMENT_TEAM = P785DR7B45;
				GENERATE_INFOPLIST_FILE = YES;
				MARKETING_VERSION = 1.0;
				PRODUCT_BUNDLE_IDENTIFIER = "oi.portfolio.OI-PortfolioUITests";
				PRODUCT_NAME = "$(TARGET_NAME)";
				SWIFT_EMIT_LOC_STRINGS = NO;
				SWIFT_VERSION = 5.0;
				TARGETED_DEVICE_FAMILY = "1,2";
				TEST_TARGET_NAME = OI_Portfolio;
			};
			name = Debug;
		};
		3D800A1D2C7F26AD00015444 /* Release */ = {
			isa = XCBuildConfiguration;
			buildSettings = {
				ALWAYS_EMBED_SWIFT_STANDARD_LIBRARIES = YES;
				CODE_SIGN_STYLE = Automatic;
				CURRENT_PROJECT_VERSION = 1;
				DEVELOPMENT_TEAM = P785DR7B45;
				GENERATE_INFOPLIST_FILE = YES;
				MARKETING_VERSION = 1.0;
				PRODUCT_BUNDLE_IDENTIFIER = "oi.portfolio.OI-PortfolioUITests";
				PRODUCT_NAME = "$(TARGET_NAME)";
				SWIFT_EMIT_LOC_STRINGS = NO;
				SWIFT_VERSION = 5.0;
				TARGETED_DEVICE_FAMILY = "1,2";
				TEST_TARGET_NAME = OI_Portfolio;
			};
			name = Release;
		};
/* End XCBuildConfiguration section */

/* Begin XCConfigurationList section */
		3D8009EC2C7F26A700015444 /* Build configuration list for PBXProject "OI_Portfolio" */ = {
			isa = XCConfigurationList;
			buildConfigurations = (
				3D800A132C7F26AD00015444 /* Debug */,
				3D800A142C7F26AD00015444 /* Release */,
			);
			defaultConfigurationIsVisible = 0;
			defaultConfigurationName = Release;
		};
		3D800A152C7F26AD00015444 /* Build configuration list for PBXNativeTarget "OI_Portfolio" */ = {
			isa = XCConfigurationList;
			buildConfigurations = (
				3D800A162C7F26AD00015444 /* Debug */,
				3D800A172C7F26AD00015444 /* Release */,
			);
			defaultConfigurationIsVisible = 0;
			defaultConfigurationName = Release;
		};
		3D800A182C7F26AD00015444 /* Build configuration list for PBXNativeTarget "OI_PortfolioTests" */ = {
			isa = XCConfigurationList;
			buildConfigurations = (
				3D800A192C7F26AD00015444 /* Debug */,
				3D800A1A2C7F26AD00015444 /* Release */,
			);
			defaultConfigurationIsVisible = 0;
			defaultConfigurationName = Release;
		};
		3D800A1B2C7F26AD00015444 /* Build configuration list for PBXNativeTarget "OI_PortfolioUITests" */ = {
			isa = XCConfigurationList;
			buildConfigurations = (
				3D800A1C2C7F26AD00015444 /* Debug */,
				3D800A1D2C7F26AD00015444 /* Release */,
			);
			defaultConfigurationIsVisible = 0;
			defaultConfigurationName = Release;
		};
/* End XCConfigurationList section */
	};
	rootObject = 3D8009E92C7F26A700015444 /* Project object */;
}
